# Stage VERSIONs and golden-output hashes (architecture §5.5, spec 001).
# Generated by `cargo xtask stage-lock`; CI runs `cargo xtask stage-lock --check`.
# A stage whose golden hash changes must bump its VERSION in the same commit.

[stages."chart_label"]
version = 4
golden = "e572e79871f8111a594d1daac78f154f0d349e46e3bc889fd7e07b4661640379"

[stages."chart_parse"]
version = 1
golden = "ba3334e1f848735b9f7cdbfd9837aaa4c5557fb0a8c128ad56da83a6988e1c59"

[stages."difficulty"]
version = 2
golden = "beb89ca8f1576de128f8b113289e9dd242954e05165c7c9c6eed0e5f01821919"

[stages."patterns"]
version = 5
golden = "c15a66444b81b34d3aef1dac597e1dfaff57afa5a6dc797db57f91f9421a70dd"

[stages."play_ssr"]
version = 1
golden = "f9c51cd180948f176b110e4d2d9bc5b167920c8713ec5ad0f4004b48e8d96f73"
