# Stage VERSIONs and golden-output hashes (architecture §5.5, spec 001).
# Generated by `cargo xtask stage-lock`; CI runs `cargo xtask stage-lock --check`.
# A stage whose golden hash changes must bump its VERSION in the same commit.

[stages."chart_label"]
version = 3
golden = "e572e79871f8111a594d1daac78f154f0d349e46e3bc889fd7e07b4661640379"

[stages."chart_parse"]
version = 1
golden = "ba3334e1f848735b9f7cdbfd9837aaa4c5557fb0a8c128ad56da83a6988e1c59"

[stages."patterns"]
version = 3
golden = "374acd0595e08746dff1b07516bdbbceb7bb330af54df19daf5883256461e299"
